
Microsoft Visual Studio Solution File, Format Version 12.00
# Visual Studio Version 16
VisualStudioVersion = 16.0.29123.88
MinimumVisualStudioVersion = 10.0.40219.1
Project("{9A19103F-16F7-4668-BE54-9A1E7A4F7556}") = "Craftsman.Mercury.WebApi", "Craftsman.Mercury.WebApis\Craftsman.Mercury.WebApi.csproj", "{C1DB2943-5428-4E1C-BEB3-8A82698E7699}"
EndProject
Project("{9A19103F-16F7-4668-BE54-9A1E7A4F7556}") = "Craftsman.Mercury.Domain", "Craftsman.Mercury.Domain\Craftsman.Mercury.Domain.csproj", "{01136D60-5E42-48C6-9AF8-5510C1E7998B}"
EndProject
Project("{9A19103F-16F7-4668-BE54-9A1E7A4F7556}") = "Craftsman.Mercury.Infrastructure", "Craftsman.Mercury.Infrastructure\Craftsman.Mercury.Infrastructure.csproj", "{A617840C-4FFB-4022-90CD-AECEE6902CF1}"
EndProject
Project("{2150E333-8FDC-42A3-9474-1A3956D46DE8}") = "02.Mercury", "02.Mercury", "{C71511F1-3967-4D8A-A4E9-D814A5DEE1FF}"
EndProject
Project("{2150E333-8FDC-42A3-9474-1A3956D46DE8}") = "00.Framework", "00.Framework", "{00D45250-6570-4164-BF5D-1726B9F3389B}"
EndProject
Project("{9A19103F-16F7-4668-BE54-9A1E7A4F7556}") = "Craftsman.Mercury.UnitTest", "Craftsman.Mercury.UnitTest\Craftsman.Mercury.UnitTest.csproj", "{F40E74FA-06EE-41F9-85CB-786494B01C85}"
EndProject
Project("{2150E333-8FDC-42A3-9474-1A3956D46DE8}") = "Test", "Test", "{664BA5F1-E002-4DAB-A3D5-B80D2609C9CB}"
EndProject
Project("{9A19103F-16F7-4668-BE54-9A1E7A4F7556}") = "Craftsman.Core", "Framework\Craftsman.Core\Craftsman.Core.csproj", "{4A3E9802-76B3-4176-8E20-153BE98B8707}"
EndProject
Project("{9A19103F-16F7-4668-BE54-9A1E7A4F7556}") = "Craftsman.Core.UnitTest", "Framework\Craftsman.Core.UnitTest\Craftsman.Core.UnitTest.csproj", "{0CE9C7BE-BEA4-4D29-8BFF-630DDBC05680}"
EndProject
Project("{2150E333-8FDC-42A3-9474-1A3956D46DE8}") = "Migrations", "Migrations", "{64055DDF-7295-4281-88CD-176761EAB640}"
EndProject
Project("{2150E333-8FDC-42A3-9474-1A3956D46DE8}") = "01.LaunchPad", "01.LaunchPad", "{B53BAB25-4A75-440E-B069-54664BD878AE}"
EndProject
Project("{9A19103F-16F7-4668-BE54-9A1E7A4F7556}") = "Craftsman.LaunchPad.Domain", "Craftsman.LaunchPad.Domain\Craftsman.LaunchPad.Domain.csproj", "{5D6EB3EA-FB54-48C6-B3BB-9E9A7F36EE18}"
EndProject
Project("{9A19103F-16F7-4668-BE54-9A1E7A4F7556}") = "Craftsman.LaunchPad.Infrastructure", "Craftsman.LaunchPad.Infrastructure\Craftsman.LaunchPad.Infrastructure.csproj", "{C1AC8E0D-D40C-45CB-9FF9-577356D14410}"
EndProject
Project("{9A19103F-16F7-4668-BE54-9A1E7A4F7556}") = "Craftsman.LaunchPad.WebApi", "Craftsman.LaunchPad.WebApis\Craftsman.LaunchPad.WebApi.csproj", "{7B83FEAF-82A6-45FE-879A-B36D92B4DDDE}"
EndProject
Project("{2150E333-8FDC-42A3-9474-1A3956D46DE8}") = "03.Waiter", "03.Waiter", "{F14EF36C-A093-4976-97E9-FB714983D3E5}"
EndProject
Project("{9A19103F-16F7-4668-BE54-9A1E7A4F7556}") = "Craftsman.Waiter.WebUI", "Craftsman.Waiter.WebUI\Craftsman.Waiter.WebUI.csproj", "{CFCD7442-4BDE-4773-87B6-2451BE9C9823}"
EndProject
Project("{9A19103F-16F7-4668-BE54-9A1E7A4F7556}") = "Craftsman.Waiter.Domain", "Craftsman.Waiter.Domain\Craftsman.Waiter.Domain.csproj", "{3C665B27-ACF6-478D-A413-872CC0D5BFD5}"
EndProject
Project("{9A19103F-16F7-4668-BE54-9A1E7A4F7556}") = "Craftsman.Waiter.Infrastructure", "Craftsman.Waiter.Infrastructure\Craftsman.Waiter.Infrastructure.csproj", "{69F91008-EDCC-41BB-BD06-3B576933662A}"
EndProject
Project("{9A19103F-16F7-4668-BE54-9A1E7A4F7556}") = "Craftsman.Waiter.UnitTest", "Craftsman.Waiter.UnitTest\Craftsman.Waiter.UnitTest.csproj", "{3CB7010C-6C4D-4D3E-A1BB-82C5A9833C0C}"
EndProject
Project("{9A19103F-16F7-4668-BE54-9A1E7A4F7556}") = "Craftsman.Waiter.ConsumerRunner", "Craftsman.Waiter.ConsumerRunner\Craftsman.Waiter.ConsumerRunner.csproj", "{87B8B8A4-0247-46D7-9AE0-289E842BD067}"
EndProject
Global
	GlobalSection(SolutionConfigurationPlatforms) = preSolution
		Debug|Any CPU = Debug|Any CPU
		Release|Any CPU = Release|Any CPU
	EndGlobalSection
	GlobalSection(ProjectConfigurationPlatforms) = postSolution
		{C1DB2943-5428-4E1C-BEB3-8A82698E7699}.Debug|Any CPU.ActiveCfg = Debug|Any CPU
		{C1DB2943-5428-4E1C-BEB3-8A82698E7699}.Debug|Any CPU.Build.0 = Debug|Any CPU
		{C1DB2943-5428-4E1C-BEB3-8A82698E7699}.Release|Any CPU.ActiveCfg = Release|Any CPU
		{C1DB2943-5428-4E1C-BEB3-8A82698E7699}.Release|Any CPU.Build.0 = Release|Any CPU
		{01136D60-5E42-48C6-9AF8-5510C1E7998B}.Debug|Any CPU.ActiveCfg = Debug|Any CPU
		{01136D60-5E42-48C6-9AF8-5510C1E7998B}.Debug|Any CPU.Build.0 = Debug|Any CPU
		{01136D60-5E42-48C6-9AF8-5510C1E7998B}.Release|Any CPU.ActiveCfg = Release|Any CPU
		{01136D60-5E42-48C6-9AF8-5510C1E7998B}.Release|Any CPU.Build.0 = Release|Any CPU
		{A617840C-4FFB-4022-90CD-AECEE6902CF1}.Debug|Any CPU.ActiveCfg = Debug|Any CPU
		{A617840C-4FFB-4022-90CD-AECEE6902CF1}.Debug|Any CPU.Build.0 = Debug|Any CPU
		{A617840C-4FFB-4022-90CD-AECEE6902CF1}.Release|Any CPU.ActiveCfg = Release|Any CPU
		{A617840C-4FFB-4022-90CD-AECEE6902CF1}.Release|Any CPU.Build.0 = Release|Any CPU
		{F40E74FA-06EE-41F9-85CB-786494B01C85}.Debug|Any CPU.ActiveCfg = Debug|Any CPU
		{F40E74FA-06EE-41F9-85CB-786494B01C85}.Debug|Any CPU.Build.0 = Debug|Any CPU
		{F40E74FA-06EE-41F9-85CB-786494B01C85}.Release|Any CPU.ActiveCfg = Release|Any CPU
		{F40E74FA-06EE-41F9-85CB-786494B01C85}.Release|Any CPU.Build.0 = Release|Any CPU
		{4A3E9802-76B3-4176-8E20-153BE98B8707}.Debug|Any CPU.ActiveCfg = Debug|Any CPU
		{4A3E9802-76B3-4176-8E20-153BE98B8707}.Debug|Any CPU.Build.0 = Debug|Any CPU
		{4A3E9802-76B3-4176-8E20-153BE98B8707}.Release|Any CPU.ActiveCfg = Release|Any CPU
		{4A3E9802-76B3-4176-8E20-153BE98B8707}.Release|Any CPU.Build.0 = Release|Any CPU
		{0CE9C7BE-BEA4-4D29-8BFF-630DDBC05680}.Debug|Any CPU.ActiveCfg = Debug|Any CPU
		{0CE9C7BE-BEA4-4D29-8BFF-630DDBC05680}.Debug|Any CPU.Build.0 = Debug|Any CPU
		{0CE9C7BE-BEA4-4D29-8BFF-630DDBC05680}.Release|Any CPU.ActiveCfg = Release|Any CPU
		{0CE9C7BE-BEA4-4D29-8BFF-630DDBC05680}.Release|Any CPU.Build.0 = Release|Any CPU
		{5D6EB3EA-FB54-48C6-B3BB-9E9A7F36EE18}.Debug|Any CPU.ActiveCfg = Debug|Any CPU
		{5D6EB3EA-FB54-48C6-B3BB-9E9A7F36EE18}.Debug|Any CPU.Build.0 = Debug|Any CPU
		{5D6EB3EA-FB54-48C6-B3BB-9E9A7F36EE18}.Release|Any CPU.ActiveCfg = Release|Any CPU
		{5D6EB3EA-FB54-48C6-B3BB-9E9A7F36EE18}.Release|Any CPU.Build.0 = Release|Any CPU
		{C1AC8E0D-D40C-45CB-9FF9-577356D14410}.Debug|Any CPU.ActiveCfg = Debug|Any CPU
		{C1AC8E0D-D40C-45CB-9FF9-577356D14410}.Debug|Any CPU.Build.0 = Debug|Any CPU
		{C1AC8E0D-D40C-45CB-9FF9-577356D14410}.Release|Any CPU.ActiveCfg = Release|Any CPU
		{C1AC8E0D-D40C-45CB-9FF9-577356D14410}.Release|Any CPU.Build.0 = Release|Any CPU
		{7B83FEAF-82A6-45FE-879A-B36D92B4DDDE}.Debug|Any CPU.ActiveCfg = Debug|Any CPU
		{7B83FEAF-82A6-45FE-879A-B36D92B4DDDE}.Debug|Any CPU.Build.0 = Debug|Any CPU
		{7B83FEAF-82A6-45FE-879A-B36D92B4DDDE}.Release|Any CPU.ActiveCfg = Release|Any CPU
		{7B83FEAF-82A6-45FE-879A-B36D92B4DDDE}.Release|Any CPU.Build.0 = Release|Any CPU
		{CFCD7442-4BDE-4773-87B6-2451BE9C9823}.Debug|Any CPU.ActiveCfg = Debug|Any CPU
		{CFCD7442-4BDE-4773-87B6-2451BE9C9823}.Debug|Any CPU.Build.0 = Debug|Any CPU
		{CFCD7442-4BDE-4773-87B6-2451BE9C9823}.Release|Any CPU.ActiveCfg = Release|Any CPU
		{CFCD7442-4BDE-4773-87B6-2451BE9C9823}.Release|Any CPU.Build.0 = Release|Any CPU
		{3C665B27-ACF6-478D-A413-872CC0D5BFD5}.Debug|Any CPU.ActiveCfg = Debug|Any CPU
		{3C665B27-ACF6-478D-A413-872CC0D5BFD5}.Debug|Any CPU.Build.0 = Debug|Any CPU
		{3C665B27-ACF6-478D-A413-872CC0D5BFD5}.Release|Any CPU.ActiveCfg = Release|Any CPU
		{3C665B27-ACF6-478D-A413-872CC0D5BFD5}.Release|Any CPU.Build.0 = Release|Any CPU
		{69F91008-EDCC-41BB-BD06-3B576933662A}.Debug|Any CPU.ActiveCfg = Debug|Any CPU
		{69F91008-EDCC-41BB-BD06-3B576933662A}.Debug|Any CPU.Build.0 = Debug|Any CPU
		{69F91008-EDCC-41BB-BD06-3B576933662A}.Release|Any CPU.ActiveCfg = Release|Any CPU
		{69F91008-EDCC-41BB-BD06-3B576933662A}.Release|Any CPU.Build.0 = Release|Any CPU
		{3CB7010C-6C4D-4D3E-A1BB-82C5A9833C0C}.Debug|Any CPU.ActiveCfg = Debug|Any CPU
		{3CB7010C-6C4D-4D3E-A1BB-82C5A9833C0C}.Debug|Any CPU.Build.0 = Debug|Any CPU
		{3CB7010C-6C4D-4D3E-A1BB-82C5A9833C0C}.Release|Any CPU.ActiveCfg = Release|Any CPU
		{3CB7010C-6C4D-4D3E-A1BB-82C5A9833C0C}.Release|Any CPU.Build.0 = Release|Any CPU
		{87B8B8A4-0247-46D7-9AE0-289E842BD067}.Debug|Any CPU.ActiveCfg = Debug|Any CPU
		{87B8B8A4-0247-46D7-9AE0-289E842BD067}.Debug|Any CPU.Build.0 = Debug|Any CPU
		{87B8B8A4-0247-46D7-9AE0-289E842BD067}.Release|Any CPU.ActiveCfg = Release|Any CPU
		{87B8B8A4-0247-46D7-9AE0-289E842BD067}.Release|Any CPU.Build.0 = Release|Any CPU
	EndGlobalSection
	GlobalSection(SolutionProperties) = preSolution
		HideSolutionNode = FALSE
	EndGlobalSection
	GlobalSection(NestedProjects) = preSolution
		{C1DB2943-5428-4E1C-BEB3-8A82698E7699} = {C71511F1-3967-4D8A-A4E9-D814A5DEE1FF}
		{01136D60-5E42-48C6-9AF8-5510C1E7998B} = {C71511F1-3967-4D8A-A4E9-D814A5DEE1FF}
		{A617840C-4FFB-4022-90CD-AECEE6902CF1} = {C71511F1-3967-4D8A-A4E9-D814A5DEE1FF}
		{F40E74FA-06EE-41F9-85CB-786494B01C85} = {664BA5F1-E002-4DAB-A3D5-B80D2609C9CB}
		{4A3E9802-76B3-4176-8E20-153BE98B8707} = {00D45250-6570-4164-BF5D-1726B9F3389B}
		{0CE9C7BE-BEA4-4D29-8BFF-630DDBC05680} = {00D45250-6570-4164-BF5D-1726B9F3389B}
		{5D6EB3EA-FB54-48C6-B3BB-9E9A7F36EE18} = {B53BAB25-4A75-440E-B069-54664BD878AE}
		{C1AC8E0D-D40C-45CB-9FF9-577356D14410} = {B53BAB25-4A75-440E-B069-54664BD878AE}
		{7B83FEAF-82A6-45FE-879A-B36D92B4DDDE} = {B53BAB25-4A75-440E-B069-54664BD878AE}
		{CFCD7442-4BDE-4773-87B6-2451BE9C9823} = {F14EF36C-A093-4976-97E9-FB714983D3E5}
		{3C665B27-ACF6-478D-A413-872CC0D5BFD5} = {F14EF36C-A093-4976-97E9-FB714983D3E5}
		{69F91008-EDCC-41BB-BD06-3B576933662A} = {F14EF36C-A093-4976-97E9-FB714983D3E5}
		{3CB7010C-6C4D-4D3E-A1BB-82C5A9833C0C} = {664BA5F1-E002-4DAB-A3D5-B80D2609C9CB}
		{87B8B8A4-0247-46D7-9AE0-289E842BD067} = {664BA5F1-E002-4DAB-A3D5-B80D2609C9CB}
	EndGlobalSection
	GlobalSection(ExtensibilityGlobals) = postSolution
		SolutionGuid = {241A0D86-6473-446A-8A83-FA573C55C6E7}
	EndGlobalSection
EndGlobal
